
Microsoft Visual Studio Solution File, Format Version 12.00
# Visual Studio Version 17
VisualStudioVersion = 17.9.34701.34
MinimumVisualStudioVersion = 10.0.40219.1
Project("{FAE04EC0-301F-11D3-BF4B-00C04F79EFBC}") = "ASE", "ASE\ASE.csproj", "{857629C0-8939-44AA-9756-7FE597AA410E}"
EndProject
Global
	GlobalSection(SolutionConfigurationPlatforms) = preSolution
		Debug|Any CPU = Debug|Any CPU
		Release|Any CPU = Release|Any CPU
	EndGlobalSection
	GlobalSection(ProjectConfigurationPlatforms) = postSolution
		{857629C0-8939-44AA-9756-7FE597AA410E}.Debug|Any CPU.ActiveCfg = Debug|Any CPU
		{857629C0-8939-44AA-9756-7FE597AA410E}.Debug|Any CPU.Build.0 = Debug|Any CPU
		{857629C0-8939-44AA-9756-7FE597AA410E}.Release|Any CPU.ActiveCfg = Release|Any CPU
		{857629C0-8939-44AA-9756-7FE597AA410E}.Release|Any CPU.Build.0 = Release|Any CPU
	EndGlobalSection
	GlobalSection(SolutionProperties) = preSolution
		HideSolutionNode = FALSE
	EndGlobalSection
	GlobalSection(ExtensibilityGlobals) = postSolution
		SolutionGuid = {8CB3F9F0-5024-4A44-AE74-F685649CAABC}
	EndGlobalSection
EndGlobal
